
Microsoft Visual Studio Solution File, Format Version 12.00
# Visual Studio 14
VisualStudioVersion = 14.0.25420.1
MinimumVisualStudioVersion = 10.0.40219.1
Project("{FAE04EC0-301F-11D3-BF4B-00C04F79EFBC}") = "LR3_SPP", "LR3_SPP\LR3_SPP.csproj", "{48290052-E306-4A0A-A1DB-9243F7AD74BD}"
EndProject
Project("{FAE04EC0-301F-11D3-BF4B-00C04F79EFBC}") = "AssemblyLibrary", "AssemblyLibrary\AssemblyLibrary.csproj", "{B69C0934-C9E6-4965-9FBC-175C2DCA65EA}"
EndProject
Project("{FAE04EC0-301F-11D3-BF4B-00C04F79EFBC}") = "Tests", "Tests\Tests.csproj", "{841A49E9-3C26-4F99-B3D0-4D8BD85B2A76}"
EndProject
Global
	GlobalSection(SolutionConfigurationPlatforms) = preSolution
		Debug|Any CPU = Debug|Any CPU
		Release|Any CPU = Release|Any CPU
	EndGlobalSection
	GlobalSection(ProjectConfigurationPlatforms) = postSolution
		{48290052-E306-4A0A-A1DB-9243F7AD74BD}.Debug|Any CPU.ActiveCfg = Debug|Any CPU
		{48290052-E306-4A0A-A1DB-9243F7AD74BD}.Debug|Any CPU.Build.0 = Debug|Any CPU
		{48290052-E306-4A0A-A1DB-9243F7AD74BD}.Release|Any CPU.ActiveCfg = Release|Any CPU
		{48290052-E306-4A0A-A1DB-9243F7AD74BD}.Release|Any CPU.Build.0 = Release|Any CPU
		{B69C0934-C9E6-4965-9FBC-175C2DCA65EA}.Debug|Any CPU.ActiveCfg = Debug|Any CPU
		{B69C0934-C9E6-4965-9FBC-175C2DCA65EA}.Debug|Any CPU.Build.0 = Debug|Any CPU
		{B69C0934-C9E6-4965-9FBC-175C2DCA65EA}.Release|Any CPU.ActiveCfg = Release|Any CPU
		{B69C0934-C9E6-4965-9FBC-175C2DCA65EA}.Release|Any CPU.Build.0 = Release|Any CPU
		{841A49E9-3C26-4F99-B3D0-4D8BD85B2A76}.Debug|Any CPU.ActiveCfg = Debug|Any CPU
		{841A49E9-3C26-4F99-B3D0-4D8BD85B2A76}.Debug|Any CPU.Build.0 = Debug|Any CPU
		{841A49E9-3C26-4F99-B3D0-4D8BD85B2A76}.Release|Any CPU.ActiveCfg = Release|Any CPU
		{841A49E9-3C26-4F99-B3D0-4D8BD85B2A76}.Release|Any CPU.Build.0 = Release|Any CPU
	EndGlobalSection
	GlobalSection(SolutionProperties) = preSolution
		HideSolutionNode = FALSE
	EndGlobalSection
EndGlobal
